
Microsoft Visual Studio Solution File, Format Version 12.00
# Visual Studio Version 16
VisualStudioVersion = 16.0.32002.261
MinimumVisualStudioVersion = 10.0.40219.1
Project("{FAE04EC0-301F-11D3-BF4B-00C04F79EFBC}") = "Assigment_WAD", "Assigment_WAD\Assigment_WAD.csproj", "{FBF077C2-BDEE-4A1A-B013-BE66FDEB24A7}"
EndProject
Global
	GlobalSection(SolutionConfigurationPlatforms) = preSolution
		Debug|Any CPU = Debug|Any CPU
		Release|Any CPU = Release|Any CPU
	EndGlobalSection
	GlobalSection(ProjectConfigurationPlatforms) = postSolution
		{FBF077C2-BDEE-4A1A-B013-BE66FDEB24A7}.Debug|Any CPU.ActiveCfg = Debug|Any CPU
		{FBF077C2-BDEE-4A1A-B013-BE66FDEB24A7}.Debug|Any CPU.Build.0 = Debug|Any CPU
		{FBF077C2-BDEE-4A1A-B013-BE66FDEB24A7}.Release|Any CPU.ActiveCfg = Release|Any CPU
		{FBF077C2-BDEE-4A1A-B013-BE66FDEB24A7}.Release|Any CPU.Build.0 = Release|Any CPU
	EndGlobalSection
	GlobalSection(SolutionProperties) = preSolution
		HideSolutionNode = FALSE
	EndGlobalSection
	GlobalSection(ExtensibilityGlobals) = postSolution
		SolutionGuid = {08AF3DAC-B185-4E94-8710-43FAF895C15B}
	EndGlobalSection
EndGlobal
